
Microsoft Visual Studio Solution File, Format Version 12.00
# Visual Studio Version 17
VisualStudioVersion = 17.5.33516.290
MinimumVisualStudioVersion = 10.0.40219.1
Project("{54A90642-561A-4BB1-A94E-469ADEE60C69}") = "angularapp", "angularapp\angularapp.esproj", "{975884F6-DE35-4535-BC80-D641343E0651}"
EndProject
Project("{9A19103F-16F7-4668-BE54-9A1E7A4F7556}") = "webapi", "webapi\webapi.csproj", "{BD1291BC-836F-435E-AE6B-A6238CEB49D3}"
EndProject
Global
	GlobalSection(SolutionConfigurationPlatforms) = preSolution
		Debug|Any CPU = Debug|Any CPU
		Release|Any CPU = Release|Any CPU
	EndGlobalSection
	GlobalSection(ProjectConfigurationPlatforms) = postSolution
		{975884F6-DE35-4535-BC80-D641343E0651}.Debug|Any CPU.ActiveCfg = Debug|Any CPU
		{975884F6-DE35-4535-BC80-D641343E0651}.Debug|Any CPU.Build.0 = Debug|Any CPU
		{975884F6-DE35-4535-BC80-D641343E0651}.Debug|Any CPU.Deploy.0 = Debug|Any CPU
		{975884F6-DE35-4535-BC80-D641343E0651}.Release|Any CPU.ActiveCfg = Release|Any CPU
		{975884F6-DE35-4535-BC80-D641343E0651}.Release|Any CPU.Build.0 = Release|Any CPU
		{975884F6-DE35-4535-BC80-D641343E0651}.Release|Any CPU.Deploy.0 = Release|Any CPU
		{BD1291BC-836F-435E-AE6B-A6238CEB49D3}.Debug|Any CPU.ActiveCfg = Debug|Any CPU
		{BD1291BC-836F-435E-AE6B-A6238CEB49D3}.Debug|Any CPU.Build.0 = Debug|Any CPU
		{BD1291BC-836F-435E-AE6B-A6238CEB49D3}.Release|Any CPU.ActiveCfg = Release|Any CPU
		{BD1291BC-836F-435E-AE6B-A6238CEB49D3}.Release|Any CPU.Build.0 = Release|Any CPU
	EndGlobalSection
	GlobalSection(SolutionProperties) = preSolution
		HideSolutionNode = FALSE
	EndGlobalSection
	GlobalSection(ExtensibilityGlobals) = postSolution
		SolutionGuid = {DAAE19C4-5D33-4DA5-9C8E-BD63B31F2C3A}
	EndGlobalSection
EndGlobal
